
Microsoft Visual Studio Solution File, Format Version 12.00
# Visual Studio Version 17
VisualStudioVersion = 17.0.31912.275
MinimumVisualStudioVersion = 10.0.40219.1
Project("{8BC9CEB8-8B4A-11D0-8D11-00A0C91BC942}") = "CryptoBot", "CryptoBot\CryptoBot.vcxproj", "{F1C22011-857E-4190-93FA-411F23CB02E7}"
EndProject
Project("{8BC9CEB8-8B4A-11D0-8D11-00A0C91BC942}") = "CryptoBotTest", "CryptoBotTest\CryptoBotTest.vcxproj", "{3B501CF1-346D-49A2-857B-1EFA13B76B70}"
EndProject
Global
	GlobalSection(SolutionConfigurationPlatforms) = preSolution
		Debug|x64 = Debug|x64
		Debug|x86 = Debug|x86
		Release|x64 = Release|x64
		Release|x86 = Release|x86
	EndGlobalSection
	GlobalSection(ProjectConfigurationPlatforms) = postSolution
		{F1C22011-857E-4190-93FA-411F23CB02E7}.Debug|x64.ActiveCfg = Debug|x64
		{F1C22011-857E-4190-93FA-411F23CB02E7}.Debug|x64.Build.0 = Debug|x64
		{F1C22011-857E-4190-93FA-411F23CB02E7}.Debug|x86.ActiveCfg = Debug|Win32
		{F1C22011-857E-4190-93FA-411F23CB02E7}.Debug|x86.Build.0 = Debug|Win32
		{F1C22011-857E-4190-93FA-411F23CB02E7}.Release|x64.ActiveCfg = Release|x64
		{F1C22011-857E-4190-93FA-411F23CB02E7}.Release|x64.Build.0 = Release|x64
		{F1C22011-857E-4190-93FA-411F23CB02E7}.Release|x86.ActiveCfg = Release|Win32
		{F1C22011-857E-4190-93FA-411F23CB02E7}.Release|x86.Build.0 = Release|Win32
		{3B501CF1-346D-49A2-857B-1EFA13B76B70}.Debug|x64.ActiveCfg = Debug|x64
		{3B501CF1-346D-49A2-857B-1EFA13B76B70}.Debug|x64.Build.0 = Debug|x64
		{3B501CF1-346D-49A2-857B-1EFA13B76B70}.Debug|x86.ActiveCfg = Debug|Win32
		{3B501CF1-346D-49A2-857B-1EFA13B76B70}.Debug|x86.Build.0 = Debug|Win32
		{3B501CF1-346D-49A2-857B-1EFA13B76B70}.Release|x64.ActiveCfg = Release|x64
		{3B501CF1-346D-49A2-857B-1EFA13B76B70}.Release|x64.Build.0 = Release|x64
		{3B501CF1-346D-49A2-857B-1EFA13B76B70}.Release|x86.ActiveCfg = Release|Win32
		{3B501CF1-346D-49A2-857B-1EFA13B76B70}.Release|x86.Build.0 = Release|Win32
	EndGlobalSection
	GlobalSection(SolutionProperties) = preSolution
		HideSolutionNode = FALSE
	EndGlobalSection
	GlobalSection(ExtensibilityGlobals) = postSolution
		SolutionGuid = {5DEBD557-2EAA-4982-BCC2-B8A8E0701D78}
	EndGlobalSection
EndGlobal
